
Microsoft Visual Studio Solution File, Format Version 12.00
Project("{FAE04EC0-301F-11D3-BF4B-00C04F79EFBC}") = "Discriminants", "Discriminants\Discriminants.csproj", "{30DE39BB-D70C-497A-BE67-24B725085A13}"
EndProject
Project("{FAE04EC0-301F-11D3-BF4B-00C04F79EFBC}") = "Discriminants.Test", "Discriminants.Test\Discriminants.Test.csproj", "{57ED965C-0F79-4F2B-83AE-826DA5BBBC49}"
EndProject
Global
	GlobalSection(SolutionConfigurationPlatforms) = preSolution
		Debug|Any CPU = Debug|Any CPU
		Release|Any CPU = Release|Any CPU
	EndGlobalSection
	GlobalSection(ProjectConfigurationPlatforms) = postSolution
		{30DE39BB-D70C-497A-BE67-24B725085A13}.Debug|Any CPU.ActiveCfg = Debug|Any CPU
		{30DE39BB-D70C-497A-BE67-24B725085A13}.Debug|Any CPU.Build.0 = Debug|Any CPU
		{30DE39BB-D70C-497A-BE67-24B725085A13}.Release|Any CPU.ActiveCfg = Release|Any CPU
		{30DE39BB-D70C-497A-BE67-24B725085A13}.Release|Any CPU.Build.0 = Release|Any CPU
		{57ED965C-0F79-4F2B-83AE-826DA5BBBC49}.Debug|Any CPU.ActiveCfg = Debug|Any CPU
		{57ED965C-0F79-4F2B-83AE-826DA5BBBC49}.Debug|Any CPU.Build.0 = Debug|Any CPU
		{57ED965C-0F79-4F2B-83AE-826DA5BBBC49}.Release|Any CPU.ActiveCfg = Release|Any CPU
		{57ED965C-0F79-4F2B-83AE-826DA5BBBC49}.Release|Any CPU.Build.0 = Release|Any CPU
	EndGlobalSection
EndGlobal
